// !$*UTF8*$!
{
	archiveVersion = 1;
	classes = {
	};
	objectVersion = 55;
	objects = {

/* Begin PBXBuildFile section */
		8502E2AB27FDBFD80029FF1A /* README.md in Resources */ = {isa = PBXBuildFile; fileRef = 8502E2AA27FDBFD80029FF1A /* README.md */; };
		8514E39D27FDB52E005891C7 /* AppDelegate.swift in Sources */ = {isa = PBXBuildFile; fileRef = 8514E39C27FDB52E005891C7 /* AppDelegate.swift */; };
		8514E39F27FDB52E005891C7 /* ViewController.swift in Sources */ = {isa = PBXBuildFile; fileRef = 8514E39E27FDB52E005891C7 /* ViewController.swift */; };
		8514E3A127FDB52F005891C7 /* Assets.xcassets in Resources */ = {isa = PBXBuildFile; fileRef = 8514E3A027FDB52F005891C7 /* Assets.xcassets */; };
		8514E3B327FDB554005891C7 /* Öbb.swift in Sources */ = {isa = PBXBuildFile; fileRef = 8514E3AC27FDB554005891C7 /* Öbb.swift */; };
		8514E3B427FDB554005891C7 /* DeutscheBahn.swift in Sources */ = {isa = PBXBuildFile; fileRef = 8514E3AD27FDB554005891C7 /* DeutscheBahn.swift */; };
		8514E3B527FDB554005891C7 /* TrainProvider.swift in Sources */ = {isa = PBXBuildFile; fileRef = 8514E3AE27FDB554005891C7 /* TrainProvider.swift */; };
		8514E3B627FDB554005891C7 /* db_trip.json in Resources */ = {isa = PBXBuildFile; fileRef = 8514E3B027FDB554005891C7 /* db_trip.json */; };
		8514E3B727FDB554005891C7 /* öbb.json in Resources */ = {isa = PBXBuildFile; fileRef = 8514E3B127FDB554005891C7 /* öbb.json */; };
		8514E3B827FDB554005891C7 /* db_status.json in Resources */ = {isa = PBXBuildFile; fileRef = 8514E3B227FDB554005891C7 /* db_status.json */; };
		8514E3BA27FDB568005891C7 /* main.swift in Sources */ = {isa = PBXBuildFile; fileRef = 8514E3B927FDB568005891C7 /* main.swift */; };
/* End PBXBuildFile section */

/* Begin PBXFileReference section */
		8502E2AA27FDBFD80029FF1A /* README.md */ = {isa = PBXFileReference; lastKnownFileType = net.daringfireball.markdown; path = README.md; sourceTree = "<group>"; };
		8514E39927FDB52E005891C7 /* TrainStatusInfo.app */ = {isa = PBXFileReference; explicitFileType = wrapper.application; includeInIndex = 0; path = TrainStatusInfo.app; sourceTree = BUILT_PRODUCTS_DIR; };
		8514E39C27FDB52E005891C7 /* AppDelegate.swift */ = {isa = PBXFileReference; lastKnownFileType = sourcecode.swift; path = AppDelegate.swift; sourceTree = "<group>"; };
		8514E39E27FDB52E005891C7 /* ViewController.swift */ = {isa = PBXFileReference; lastKnownFileType = sourcecode.swift; path = ViewController.swift; sourceTree = "<group>"; };
		8514E3A027FDB52F005891C7 /* Assets.xcassets */ = {isa = PBXFileReference; lastKnownFileType = folder.assetcatalog; path = Assets.xcassets; sourceTree = "<group>"; };
		8514E3A527FDB52F005891C7 /* TrainStatusInfo.entitlements */ = {isa = PBXFileReference; lastKnownFileType = text.plist.entitlements; path = TrainStatusInfo.entitlements; sourceTree = "<group>"; };
		8514E3AC27FDB554005891C7 /* Öbb.swift */ = {isa = PBXFileReference; fileEncoding = 4; lastKnownFileType = sourcecode.swift; path = "Öbb.swift"; sourceTree = "<group>"; };
		8514E3AD27FDB554005891C7 /* DeutscheBahn.swift */ = {isa = PBXFileReference; fileEncoding = 4; lastKnownFileType = sourcecode.swift; path = DeutscheBahn.swift; sourceTree = "<group>"; };
		8514E3AE27FDB554005891C7 /* TrainProvider.swift */ = {isa = PBXFileReference; fileEncoding = 4; lastKnownFileType = sourcecode.swift; path = TrainProvider.swift; sourceTree = "<group>"; };
		8514E3B027FDB554005891C7 /* db_trip.json */ = {isa = PBXFileReference; fileEncoding = 4; lastKnownFileType = text.json; path = db_trip.json; sourceTree = "<group>"; };
		8514E3B127FDB554005891C7 /* öbb.json */ = {isa = PBXFileReference; fileEncoding = 4; lastKnownFileType = text.json; path = "öbb.json"; sourceTree = "<group>"; };
		8514E3B227FDB554005891C7 /* db_status.json */ = {isa = PBXFileReference; fileEncoding = 4; lastKnownFileType = text.json; path = db_status.json; sourceTree = "<group>"; };
		8514E3B927FDB568005891C7 /* main.swift */ = {isa = PBXFileReference; fileEncoding = 4; lastKnownFileType = sourcecode.swift; path = main.swift; sourceTree = "<group>"; };
		8581A2AC27FDB6EE004D8FE3 /* Info.plist */ = {isa = PBXFileReference; lastKnownFileType = text.plist.xml; path = Info.plist; sourceTree = "<group>"; };
/* End PBXFileReference section */

/* Begin PBXFrameworksBuildPhase section */
		8514E39627FDB52E005891C7 /* Frameworks */ = {
			isa = PBXFrameworksBuildPhase;
			buildActionMask = 2147483647;
			files = (
			);
			runOnlyForDeploymentPostprocessing = 0;
		};
/* End PBXFrameworksBuildPhase section */

/* Begin PBXGroup section */
		8514E39027FDB52E005891C7 = {
			isa = PBXGroup;
			children = (
				8514E39B27FDB52E005891C7 /* TrainStatusInfo */,
				8502E2AA27FDBFD80029FF1A /* README.md */,
				8514E39A27FDB52E005891C7 /* Products */,
			);
			sourceTree = "<group>";
		};
		8514E39A27FDB52E005891C7 /* Products */ = {
			isa = PBXGroup;
			children = (
				8514E39927FDB52E005891C7 /* TrainStatusInfo.app */,
			);
			name = Products;
			sourceTree = "<group>";
		};
		8514E39B27FDB52E005891C7 /* TrainStatusInfo */ = {
			isa = PBXGroup;
			children = (
				8581A2AC27FDB6EE004D8FE3 /* Info.plist */,
				8514E3AF27FDB554005891C7 /* DemoData */,
				8514E3AB27FDB554005891C7 /* Provider */,
				8514E39C27FDB52E005891C7 /* AppDelegate.swift */,
				8514E39E27FDB52E005891C7 /* ViewController.swift */,
				8514E3A027FDB52F005891C7 /* Assets.xcassets */,
				8514E3A527FDB52F005891C7 /* TrainStatusInfo.entitlements */,
				8514E3B927FDB568005891C7 /* main.swift */,
			);
			path = TrainStatusInfo;
			sourceTree = "<group>";
		};
		8514E3AB27FDB554005891C7 /* Provider */ = {
			isa = PBXGroup;
			children = (
				8514E3AC27FDB554005891C7 /* Öbb.swift */,
				8514E3AD27FDB554005891C7 /* DeutscheBahn.swift */,
				8514E3AE27FDB554005891C7 /* TrainProvider.swift */,
			);
			path = Provider;
			sourceTree = "<group>";
		};
		8514E3AF27FDB554005891C7 /* DemoData */ = {
			isa = PBXGroup;
			children = (
				8514E3B027FDB554005891C7 /* db_trip.json */,
				8514E3B127FDB554005891C7 /* öbb.json */,
				8514E3B227FDB554005891C7 /* db_status.json */,
			);
			path = DemoData;
			sourceTree = "<group>";
		};
/* End PBXGroup section */

/* Begin PBXNativeTarget section */
		8514E39827FDB52E005891C7 /* TrainStatusInfo */ = {
			isa = PBXNativeTarget;
			buildConfigurationList = 8514E3A827FDB52F005891C7 /* Build configuration list for PBXNativeTarget "TrainStatusInfo" */;
			buildPhases = (
				8514E39527FDB52E005891C7 /* Sources */,
				8514E39627FDB52E005891C7 /* Frameworks */,
				8514E39727FDB52E005891C7 /* Resources */,
			);
			buildRules = (
			);
			dependencies = (
			);
			name = TrainStatusInfo;
			productName = TrainStatusInfo;
			productReference = 8514E39927FDB52E005891C7 /* TrainStatusInfo.app */;
			productType = "com.apple.product-type.application";
		};
/* End PBXNativeTarget section */

/* Begin PBXProject section */
		8514E39127FDB52E005891C7 /* Project object */ = {
			isa = PBXProject;
			attributes = {
				BuildIndependentTargetsInParallel = 1;
				LastSwiftUpdateCheck = 1330;
				LastUpgradeCheck = 1330;
				TargetAttributes = {
					8514E39827FDB52E005891C7 = {
						CreatedOnToolsVersion = 13.3;
					};
				};
			};
			buildConfigurationList = 8514E39427FDB52E005891C7 /* Build configuration list for PBXProject "TrainStatusInfo" */;
			compatibilityVersion = "Xcode 13.0";
			developmentRegion = en;
			hasScannedForEncodings = 0;
			knownRegions = (
				en,
				Base,
			);
			mainGroup = 8514E39027FDB52E005891C7;
			productRefGroup = 8514E39A27FDB52E005891C7 /* Products */;
			projectDirPath = "";
			projectRoot = "";
			targets = (
				8514E39827FDB52E005891C7 /* TrainStatusInfo */,
			);
		};
/* End PBXProject section */

/* Begin PBXResourcesBuildPhase section */
		8514E39727FDB52E005891C7 /* Resources */ = {
			isa = PBXResourcesBuildPhase;
			buildActionMask = 2147483647;
			files = (
				8514E3B727FDB554005891C7 /* öbb.json in Resources */,
				8514E3A127FDB52F005891C7 /* Assets.xcassets in Resources */,
				8502E2AB27FDBFD80029FF1A /* README.md in Resources */,
				8514E3B627FDB554005891C7 /* db_trip.json in Resources */,
				8514E3B827FDB554005891C7 /* db_status.json in Resources */,
			);
			runOnlyForDeploymentPostprocessing = 0;
		};
/* End PBXResourcesBuildPhase section */

/* Begin PBXSourcesBuildPhase section */
		8514E39527FDB52E005891C7 /* Sources */ = {
			isa = PBXSourcesBuildPhase;
			buildActionMask = 2147483647;
			files = (
				8514E3B327FDB554005891C7 /* Öbb.swift in Sources */,
				8514E39F27FDB52E005891C7 /* ViewController.swift in Sources */,
				8514E3BA27FDB568005891C7 /* main.swift in Sources */,
				8514E39D27FDB52E005891C7 /* AppDelegate.swift in Sources */,
				8514E3B527FDB554005891C7 /* TrainProvider.swift in Sources */,
				8514E3B427FDB554005891C7 /* DeutscheBahn.swift in Sources */,
			);
			runOnlyForDeploymentPostprocessing = 0;
		};
/* End PBXSourcesBuildPhase section */

/* Begin XCBuildConfiguration section */
		8514E3A627FDB52F005891C7 /* Debug */ = {
			isa = XCBuildConfiguration;
			buildSettings = {
				ALWAYS_SEARCH_USER_PATHS = NO;
				CLANG_ANALYZER_NONNULL = YES;
				CLANG_ANALYZER_NUMBER_OBJECT_CONVERSION = YES_AGGRESSIVE;
				CLANG_CXX_LANGUAGE_STANDARD = "gnu++17";
				CLANG_ENABLE_MODULES = YES;
				CLANG_ENABLE_OBJC_ARC = YES;
				CLANG_ENABLE_OBJC_WEAK = YES;
				CLANG_WARN_BLOCK_CAPTURE_AUTORELEASING = YES;
				CLANG_WARN_BOOL_CONVERSION = YES;
				CLANG_WARN_COMMA = YES;
				CLANG_WARN_CONSTANT_CONVERSION = YES;
				CLANG_WARN_DEPRECATED_OBJC_IMPLEMENTATIONS = YES;
				CLANG_WARN_DIRECT_OBJC_ISA_USAGE = YES_ERROR;
				CLANG_WARN_DOCUMENTATION_COMMENTS = YES;
				CLANG_WARN_EMPTY_BODY = YES;
				CLANG_WARN_ENUM_CONVERSION = YES;
				CLANG_WARN_INFINITE_RECURSION = YES;
				CLANG_WARN_INT_CONVERSION = YES;
				CLANG_WARN_NON_LITERAL_NULL_CONVERSION = YES;
				CLANG_WARN_OBJC_IMPLICIT_RETAIN_SELF = YES;
				CLANG_WARN_OBJC_LITERAL_CONVERSION = YES;
				CLANG_WARN_OBJC_ROOT_CLASS = YES_ERROR;
				CLANG_WARN_QUOTED_INCLUDE_IN_FRAMEWORK_HEADER = YES;
				CLANG_WARN_RANGE_LOOP_ANALYSIS = YES;
				CLANG_WARN_STRICT_PROTOTYPES = YES;
				CLANG_WARN_SUSPICIOUS_MOVE = YES;
				CLANG_WARN_UNGUARDED_AVAILABILITY = YES_AGGRESSIVE;
				CLANG_WARN_UNREACHABLE_CODE = YES;
				CLANG_WARN__DUPLICATE_METHOD_MATCH = YES;
				COPY_PHASE_STRIP = NO;
				DEBUG_INFORMATION_FORMAT = dwarf;
				ENABLE_STRICT_OBJC_MSGSEND = YES;
				ENABLE_TESTABILITY = YES;
				GCC_C_LANGUAGE_STANDARD = gnu11;
				GCC_DYNAMIC_NO_PIC = NO;
				GCC_NO_COMMON_BLOCKS = YES;
				GCC_OPTIMIZATION_LEVEL = 0;
				GCC_PREPROCESSOR_DEFINITIONS = (
					"DEBUG=1",
					"$(inherited)",
				);
				GCC_WARN_64_TO_32_BIT_CONVERSION = YES;
				GCC_WARN_ABOUT_RETURN_TYPE = YES_ERROR;
				GCC_WARN_UNDECLARED_SELECTOR = YES;
				GCC_WARN_UNINITIALIZED_AUTOS = YES_AGGRESSIVE;
				GCC_WARN_UNUSED_FUNCTION = YES;
				GCC_WARN_UNUSED_VARIABLE = YES;
				MACOSX_DEPLOYMENT_TARGET = 12.3;
				MTL_ENABLE_DEBUG_INFO = INCLUDE_SOURCE;
				MTL_FAST_MATH = YES;
				ONLY_ACTIVE_ARCH = YES;
				SDKROOT = macosx;
				SWIFT_ACTIVE_COMPILATION_CONDITIONS = DEBUG;
				SWIFT_OPTIMIZATION_LEVEL = "-Onone";
			};
			name = Debug;
		};
		8514E3A727FDB52F005891C7 /* Release */ = {
			isa = XCBuildConfiguration;
			buildSettings = {
				ALWAYS_SEARCH_USER_PATHS = NO;
				CLANG_ANALYZER_NONNULL = YES;
				CLANG_ANALYZER_NUMBER_OBJECT_CONVERSION = YES_AGGRESSIVE;
				CLANG_CXX_LANGUAGE_STANDARD = "gnu++17";
				CLANG_ENABLE_MODULES = YES;
				CLANG_ENABLE_OBJC_ARC = YES;
				CLANG_ENABLE_OBJC_WEAK = YES;
				CLANG_WARN_BLOCK_CAPTURE_AUTORELEASING = YES;
				CLANG_WARN_BOOL_CONVERSION = YES;
				CLANG_WARN_COMMA = YES;
				CLANG_WARN_CONSTANT_CONVERSION = YES;
				CLANG_WARN_DEPRECATED_OBJC_IMPLEMENTATIONS = YES;
				CLANG_WARN_DIRECT_OBJC_ISA_USAGE = YES_ERROR;
				CLANG_WARN_DOCUMENTATION_COMMENTS = YES;
				CLANG_WARN_EMPTY_BODY = YES;
				CLANG_WARN_ENUM_CONVERSION = YES;
				CLANG_WARN_INFINITE_RECURSION = YES;
				CLANG_WARN_INT_CONVERSION = YES;
				CLANG_WARN_NON_LITERAL_NULL_CONVERSION = YES;
				CLANG_WARN_OBJC_IMPLICIT_RETAIN_SELF = YES;
				CLANG_WARN_OBJC_LITERAL_CONVERSION = YES;
				CLANG_WARN_OBJC_ROOT_CLASS = YES_ERROR;
				CLANG_WARN_QUOTED_INCLUDE_IN_FRAMEWORK_HEADER = YES;
				CLANG_WARN_RANGE_LOOP_ANALYSIS = YES;
				CLANG_WARN_STRICT_PROTOTYPES = YES;
				CLANG_WARN_SUSPICIOUS_MOVE = YES;
				CLANG_WARN_UNGUARDED_AVAILABILITY = YES_AGGRESSIVE;
				CLANG_WARN_UNREACHABLE_CODE = YES;
				CLANG_WARN__DUPLICATE_METHOD_MATCH = YES;
				COPY_PHASE_STRIP = NO;
				DEBUG_INFORMATION_FORMAT = "dwarf-with-dsym";
				ENABLE_NS_ASSERTIONS = NO;
				ENABLE_STRICT_OBJC_MSGSEND = YES;
				GCC_C_LANGUAGE_STANDARD = gnu11;
				GCC_NO_COMMON_BLOCKS = YES;
				GCC_WARN_64_TO_32_BIT_CONVERSION = YES;
				GCC_WARN_ABOUT_RETURN_TYPE = YES_ERROR;
				GCC_WARN_UNDECLARED_SELECTOR = YES;
				GCC_WARN_UNINITIALIZED_AUTOS = YES_AGGRESSIVE;
				GCC_WARN_UNUSED_FUNCTION = YES;
				GCC_WARN_UNUSED_VARIABLE = YES;
				MACOSX_DEPLOYMENT_TARGET = 12.3;
				MTL_ENABLE_DEBUG_INFO = NO;
				MTL_FAST_MATH = YES;
				SDKROOT = macosx;
				SWIFT_COMPILATION_MODE = wholemodule;
				SWIFT_OPTIMIZATION_LEVEL = "-O";
			};
			name = Release;
		};
		8514E3A927FDB52F005891C7 /* Debug */ = {
			isa = XCBuildConfiguration;
			buildSettings = {
				ASSETCATALOG_COMPILER_APPICON_NAME = AppIcon;
				ASSETCATALOG_COMPILER_GLOBAL_ACCENT_COLOR_NAME = AccentColor;
				CODE_SIGN_ENTITLEMENTS = TrainStatusInfo/TrainStatusInfo.entitlements;
				CODE_SIGN_STYLE = Automatic;
				COMBINE_HIDPI_IMAGES = YES;
				CURRENT_PROJECT_VERSION = 1;
				DEVELOPMENT_TEAM = QQR4W2J54M;
				ENABLE_HARDENED_RUNTIME = YES;
				GENERATE_INFOPLIST_FILE = YES;
				INFOPLIST_FILE = TrainStatusInfo/Info.plist;
				INFOPLIST_KEY_NSHumanReadableCopyright = "";
				INFOPLIST_KEY_NSPrincipalClass = NSApplication;
				LD_RUNPATH_SEARCH_PATHS = (
					"$(inherited)",
					"@executable_path/../Frameworks",
				);
				MARKETING_VERSION = 1.0;
				PRODUCT_BUNDLE_IDENTIFIER = top.niklas.TrainStatusInfo;
				PRODUCT_NAME = "$(TARGET_NAME)";
				SWIFT_EMIT_LOC_STRINGS = YES;
				SWIFT_VERSION = 5.0;
			};
			name = Debug;
		};
		8514E3AA27FDB52F005891C7 /* Release */ = {
			isa = XCBuildConfiguration;
			buildSettings = {
				ASSETCATALOG_COMPILER_APPICON_NAME = AppIcon;
				ASSETCATALOG_COMPILER_GLOBAL_ACCENT_COLOR_NAME = AccentColor;
				CODE_SIGN_ENTITLEMENTS = TrainStatusInfo/TrainStatusInfo.entitlements;
				CODE_SIGN_STYLE = Automatic;
				COMBINE_HIDPI_IMAGES = YES;
				CURRENT_PROJECT_VERSION = 1;
				DEVELOPMENT_TEAM = QQR4W2J54M;
				ENABLE_HARDENED_RUNTIME = YES;
				GENERATE_INFOPLIST_FILE = YES;
				INFOPLIST_FILE = TrainStatusInfo/Info.plist;
				INFOPLIST_KEY_NSHumanReadableCopyright = "";
				INFOPLIST_KEY_NSPrincipalClass = NSApplication;
				LD_RUNPATH_SEARCH_PATHS = (
					"$(inherited)",
					"@executable_path/../Frameworks",
				);
				MARKETING_VERSION = 1.0;
				PRODUCT_BUNDLE_IDENTIFIER = top.niklas.TrainStatusInfo;
				PRODUCT_NAME = "$(TARGET_NAME)";
				SWIFT_EMIT_LOC_STRINGS = YES;
				SWIFT_VERSION = 5.0;
			};
			name = Release;
		};
/* End XCBuildConfiguration section */

/* Begin XCConfigurationList section */
		8514E39427FDB52E005891C7 /* Build configuration list for PBXProject "TrainStatusInfo" */ = {
			isa = XCConfigurationList;
			buildConfigurations = (
				8514E3A627FDB52F005891C7 /* Debug */,
				8514E3A727FDB52F005891C7 /* Release */,
			);
			defaultConfigurationIsVisible = 0;
			defaultConfigurationName = Release;
		};
		8514E3A827FDB52F005891C7 /* Build configuration list for PBXNativeTarget "TrainStatusInfo" */ = {
			isa = XCConfigurationList;
			buildConfigurations = (
				8514E3A927FDB52F005891C7 /* Debug */,
				8514E3AA27FDB52F005891C7 /* Release */,
			);
			defaultConfigurationIsVisible = 0;
			defaultConfigurationName = Release;
		};
/* End XCConfigurationList section */
	};
	rootObject = 8514E39127FDB52E005891C7 /* Project object */;
}
